
Microsoft Visual Studio Solution File, Format Version 12.00
# Visual Studio Version 16
VisualStudioVersion = 16.0.29613.14
MinimumVisualStudioVersion = 10.0.40219.1
Project("{FAE04EC0-301F-11D3-BF4B-00C04F79EFBC}") = "SortingDemo", "SortingDemo.csproj", "{5E1808E8-33F1-4E06-BC3E-0F85459F4A0A}"
EndProject
Global
	GlobalSection(SolutionConfigurationPlatforms) = preSolution
		Debug|Any CPU = Debug|Any CPU
		Release|Any CPU = Release|Any CPU
	EndGlobalSection
	GlobalSection(ProjectConfigurationPlatforms) = postSolution
		{5E1808E8-33F1-4E06-BC3E-0F85459F4A0A}.Debug|Any CPU.ActiveCfg = Debug|Any CPU
		{5E1808E8-33F1-4E06-BC3E-0F85459F4A0A}.Debug|Any CPU.Build.0 = Debug|Any CPU
		{5E1808E8-33F1-4E06-BC3E-0F85459F4A0A}.Release|Any CPU.ActiveCfg = Release|Any CPU
		{5E1808E8-33F1-4E06-BC3E-0F85459F4A0A}.Release|Any CPU.Build.0 = Release|Any CPU
	EndGlobalSection
	GlobalSection(SolutionProperties) = preSolution
		HideSolutionNode = FALSE
	EndGlobalSection
	GlobalSection(ExtensibilityGlobals) = postSolution
		SolutionGuid = {99548BA4-6665-43FB-9F57-685F631E52B2}
	EndGlobalSection
EndGlobal
